<?xml version="1.0" encoding="utf-8"?>
<Project ToolsVersion="4.0" xmlns="http://schemas.microsoft.com/developer/msbuild/2003">
  <ItemGroup>
    <ClCompile Include="EndScene.cpp" />
    <ClCompile Include="LAnimationIO.cpp" />
    <ClCompile Include="LCharacterIO.cpp" />
    <ClCompile Include="LExportIO.cpp" />
    <ClCompile Include="LGun.cpp" />
    <ClCompile Include="Light.cpp" />
    <ClCompile Include="LSelect.cpp" />
    <ClCompile Include="Sample.cpp" />
    <ClCompile Include="UIEvent.cpp" />
    <ClCompile Include="UI\Animation.cpp" />
    <ClCompile Include="UI\Animator.cpp" />
    <ClCompile Include="UI\BillBoard.cpp" />
    <ClCompile Include="UI\ButtonAction.cpp" />
    <ClCompile Include="UI\ChangeTexture.cpp" />
    <ClCompile Include="UI\DigitDisplay.cpp" />
    <ClCompile Include="UI\DragUI.cpp" />
    <ClCompile Include="UI\ExitWindow.cpp" />
    <ClCompile Include="UI\HpBar.cpp" />
    <ClCompile Include="UI\ImguiDetail.cpp" />
    <ClCompile Include="UI\ImGuiManager.cpp" />
    <ClCompile Include="UI\imgui_menuBar.cpp" />
    <ClCompile Include="UI\Imgui_ObjectDetail.cpp" />
    <ClCompile Include="UI\KObject.cpp" />
    <ClCompile Include="UI\ModalWindow.cpp" />
    <ClCompile Include="UI\MonoBehaviour.cpp" />
    <ClCompile Include="UI\NumberObject.cpp" />
    <ClCompile Include="UI\PickingUI.cpp" />
    <ClCompile Include="UI\Resize2D.cpp" />
    <ClCompile Include="UI\ResourceBase.cpp" />
    <ClCompile Include="UI\SceneChange.cpp" />
    <ClCompile Include="UI\Text.cpp" />
    <ClCompile Include="UI\TextureList.cpp" />
    <ClCompile Include="UI\UIManager.cpp" />
    <ClCompile Include="ZombieWave.cpp" />
    <ClCompile Include="PlayerWalk.cpp">
      <Filter>Player</Filter>
    </ClCompile>
    <ClCompile Include="PlayerTakeDamage.cpp">
      <Filter>Player</Filter>
    </ClCompile>
    <ClCompile Include="PlayerRun.cpp">
      <Filter>Player</Filter>
    </ClCompile>
    <ClCompile Include="PlayerReload.cpp">
      <Filter>Player</Filter>
    </ClCompile>
    <ClCompile Include="PlayerIdle.cpp">
      <Filter>Player</Filter>
    </ClCompile>
    <ClCompile Include="PlayerDeath.cpp">
      <Filter>Player</Filter>
    </ClCompile>
    <ClCompile Include="PlayerAttack.cpp">
      <Filter>Player</Filter>
    </ClCompile>
    <ClCompile Include="EnemyAttack.cpp">
      <Filter>NPC</Filter>
    </ClCompile>
    <ClCompile Include="EnemyDeath.cpp">
      <Filter>NPC</Filter>
    </ClCompile>
    <ClCompile Include="EnemyPatrol.cpp">
      <Filter>NPC</Filter>
    </ClCompile>
    <ClCompile Include="EnemyTakeDamage.cpp">
      <Filter>NPC</Filter>
    </ClCompile>
    <ClCompile Include="EnemyTrace.cpp">
      <Filter>NPC</Filter>
    </ClCompile>
    <ClCompile Include="LNPC.cpp">
      <Filter>NPC</Filter>
    </ClCompile>
    <ClCompile Include="LPlayer.cpp">
      <Filter>Player</Filter>
    </ClCompile>
    <ClCompile Include="TankCombo.cpp">
      <Filter>Tank</Filter>
    </ClCompile>
    <ClCompile Include="Tank.cpp">
      <Filter>Tank</Filter>
    </ClCompile>
    <ClCompile Include="TankDeath.cpp">
      <Filter>Tank</Filter>
    </ClCompile>
    <ClCompile Include="TankRush.cpp">
      <Filter>Tank</Filter>
    </ClCompile>
    <ClCompile Include="TankTakeDamage.cpp">
      <Filter>Tank</Filter>
    </ClCompile>
    <ClCompile Include="TankTrace.cpp">
      <Filter>Tank</Filter>
    </ClCompile>
    <ClCompile Include="LScene.cpp">
      <Filter>Scene</Filter>
    </ClCompile>
    <ClCompile Include="LMainScene.cpp">
      <Filter>Scene</Filter>
    </ClCompile>
    <ClCompile Include="InGameScene.cpp">
      <Filter>Scene</Filter>
    </ClCompile>
  </ItemGroup>
  <ItemGroup>
    <ClInclude Include="EndScene.h" />
    <ClInclude Include="LAnimationIO.h" />
    <ClInclude Include="LCharacterIO.h" />
    <ClInclude Include="LExportIO.h" />
    <ClInclude Include="LGun.h" />
    <ClInclude Include="Light.h" />
    <ClInclude Include="LSelect.h" />
    <ClInclude Include="Sample.h" />
    <ClInclude Include="UIEvent.h" />
    <ClInclude Include="UI\Animation.h" />
    <ClInclude Include="UI\Animator.h" />
    <ClInclude Include="UI\BillBoard.h" />
    <ClInclude Include="UI\ButtonAction.h" />
    <ClInclude Include="UI\ChangeTexture.h" />
    <ClInclude Include="UI\DigitDisplay.h" />
    <ClInclude Include="UI\DragUI.h" />
    <ClInclude Include="UI\ExitWindow.h" />
    <ClInclude Include="UI\HpBar.h" />
    <ClInclude Include="UI\ImguiDetail.h" />
    <ClInclude Include="UI\ImGuiManager.h" />
    <ClInclude Include="UI\imgui_menuBar.h" />
    <ClInclude Include="UI\Imgui_ObjectDetail.h" />
    <ClInclude Include="UI\KObject.h" />
    <ClInclude Include="UI\ModalWindow.h" />
    <ClInclude Include="UI\MonoBehaviour.h" />
    <ClInclude Include="UI\NumberObject.h" />
    <ClInclude Include="UI\PickingUI.h" />
    <ClInclude Include="UI\Resize2D.h" />
    <ClInclude Include="UI\ResourceBase.h" />
    <ClInclude Include="UI\SceneChange.h" />
    <ClInclude Include="UI\Text.h" />
    <ClInclude Include="UI\TextureList.h" />
    <ClInclude Include="UI\UIManager.h" />
    <ClInclude Include="ZombieWave.h" />
    <ClInclude Include="PlayerWalk.h">
      <Filter>Player</Filter>
    </ClInclude>
    <ClInclude Include="PlayerTakeDamage.h">
      <Filter>Player</Filter>
    </ClInclude>
    <ClInclude Include="PlayerRun.h">
      <Filter>Player</Filter>
    </ClInclude>
    <ClInclude Include="PlayerReload.h">
      <Filter>Player</Filter>
    </ClInclude>
    <ClInclude Include="PlayerIdle.h">
      <Filter>Player</Filter>
    </ClInclude>
    <ClInclude Include="PlayerDeath.h">
      <Filter>Player</Filter>
    </ClInclude>
    <ClInclude Include="PlayerAttack.h">
      <Filter>Player</Filter>
    </ClInclude>
    <ClInclude Include="EnemyAttack.h">
      <Filter>NPC</Filter>
    </ClInclude>
    <ClInclude Include="EnemyDeath.h">
      <Filter>NPC</Filter>
    </ClInclude>
    <ClInclude Include="EnemyPatrol.h">
      <Filter>NPC</Filter>
    </ClInclude>
    <ClInclude Include="EnemyTakeDamage.h">
      <Filter>NPC</Filter>
    </ClInclude>
    <ClInclude Include="EnemyTrace.h">
      <Filter>NPC</Filter>
    </ClInclude>
    <ClInclude Include="LNPC.h">
      <Filter>NPC</Filter>
    </ClInclude>
    <ClInclude Include="LPlayer.h">
      <Filter>Player</Filter>
    </ClInclude>
    <ClInclude Include="Tank.h">
      <Filter>Tank</Filter>
    </ClInclude>
    <ClInclude Include="TankCombo.h">
      <Filter>Tank</Filter>
    </ClInclude>
    <ClInclude Include="TankDeath.h">
      <Filter>Tank</Filter>
    </ClInclude>
    <ClInclude Include="TankRush.h">
      <Filter>Tank</Filter>
    </ClInclude>
    <ClInclude Include="TankTakeDamage.h">
      <Filter>Tank</Filter>
    </ClInclude>
    <ClInclude Include="TankTrace.h">
      <Filter>Tank</Filter>
    </ClInclude>
    <ClInclude Include="LScene.h">
      <Filter>Scene</Filter>
    </ClInclude>
    <ClInclude Include="LMainScene.h">
      <Filter>Scene</Filter>
    </ClInclude>
    <ClInclude Include="InGameScene.h">
      <Filter>Scene</Filter>
    </ClInclude>
  </ItemGroup>
  <ItemGroup>
    <Xml Include="UI\Anim.xml" />
    <Xml Include="UI\Anim2.xml" />
    <Xml Include="UI\testNum.xml" />
    <Xml Include="UI\testScene - 복사본.xml" />
    <Xml Include="UI\testScene.xml" />
  </ItemGroup>
  <ItemGroup>
    <None Include="UI\imgui.ini" />
    <None Include="UI\UI.vcxproj" />
    <None Include="UI\UI.vcxproj.filters" />
    <None Include="UI\UI.vcxproj.user" />
  </ItemGroup>
  <ItemGroup>
    <Filter Include="Player">
      <UniqueIdentifier>{7414a7ab-f2c2-4c10-a421-46cf6cee4a15}</UniqueIdentifier>
    </Filter>
    <Filter Include="NPC">
      <UniqueIdentifier>{647f2a1c-084e-48c3-8253-038ed15c72f3}</UniqueIdentifier>
    </Filter>
    <Filter Include="Tank">
      <UniqueIdentifier>{e8dac85e-9c85-492e-b029-bbc854d72413}</UniqueIdentifier>
    </Filter>
    <Filter Include="Scene">
      <UniqueIdentifier>{5349bb9f-1a7b-4102-84f6-accc29d17f38}</UniqueIdentifier>
    </Filter>
  </ItemGroup>
</Project>