<?xml version="1.0" encoding="utf-8"?>
<Project ToolsVersion="4.0" xmlns="http://schemas.microsoft.com/developer/msbuild/2003">
  <ItemGroup>
    <ClCompile Include="Light.cpp" />
    <ClCompile Include="Sample.cpp" />
    <ClCompile Include="PlayerWalk.cpp">
      <Filter>Player</Filter>
    </ClCompile>
    <ClCompile Include="PlayerTakeDamage.cpp">
      <Filter>Player</Filter>
    </ClCompile>
    <ClCompile Include="PlayerRun.cpp">
      <Filter>Player</Filter>
    </ClCompile>
    <ClCompile Include="PlayerReload.cpp">
      <Filter>Player</Filter>
    </ClCompile>
    <ClCompile Include="PlayerIdle.cpp">
      <Filter>Player</Filter>
    </ClCompile>
    <ClCompile Include="PlayerDeath.cpp">
      <Filter>Player</Filter>
    </ClCompile>
    <ClCompile Include="PlayerAttack.cpp">
      <Filter>Player</Filter>
    </ClCompile>
    <ClCompile Include="EnemyAttack.cpp">
      <Filter>NPC</Filter>
    </ClCompile>
    <ClCompile Include="EnemyDeath.cpp">
      <Filter>NPC</Filter>
    </ClCompile>
    <ClCompile Include="EnemyPatrol.cpp">
      <Filter>NPC</Filter>
    </ClCompile>
    <ClCompile Include="EnemyTakeDamage.cpp">
      <Filter>NPC</Filter>
    </ClCompile>
    <ClCompile Include="EnemyTrace.cpp">
      <Filter>NPC</Filter>
    </ClCompile>
    <ClCompile Include="LNPC.cpp">
      <Filter>NPC</Filter>
    </ClCompile>
    <ClCompile Include="LPlayer.cpp">
      <Filter>Player</Filter>
    </ClCompile>
    <ClCompile Include="TankCombo.cpp">
      <Filter>Tank</Filter>
    </ClCompile>
    <ClCompile Include="Tank.cpp">
      <Filter>Tank</Filter>
    </ClCompile>
    <ClCompile Include="TankDeath.cpp">
      <Filter>Tank</Filter>
    </ClCompile>
    <ClCompile Include="TankRush.cpp">
      <Filter>Tank</Filter>
    </ClCompile>
    <ClCompile Include="TankTakeDamage.cpp">
      <Filter>Tank</Filter>
    </ClCompile>
    <ClCompile Include="TankTrace.cpp">
      <Filter>Tank</Filter>
    </ClCompile>
    <ClCompile Include="LScene.cpp">
      <Filter>Scene</Filter>
    </ClCompile>
    <ClCompile Include="LMainScene.cpp">
      <Filter>Scene</Filter>
    </ClCompile>
    <ClCompile Include="InGameScene.cpp">
      <Filter>Scene</Filter>
    </ClCompile>
    <ClCompile Include="ZombieWave.cpp">
      <Filter>Wave</Filter>
    </ClCompile>
    <ClCompile Include="UI\Animation.cpp">
      <Filter>UI</Filter>
    </ClCompile>
    <ClCompile Include="UI\Animator.cpp">
      <Filter>UI</Filter>
    </ClCompile>
    <ClCompile Include="UI\BillBoard.cpp">
      <Filter>UI</Filter>
    </ClCompile>
    <ClCompile Include="UI\ChangeTexture.cpp">
      <Filter>UI</Filter>
    </ClCompile>
    <ClCompile Include="UI\ButtonAction.cpp">
      <Filter>UI</Filter>
    </ClCompile>
    <ClCompile Include="UI\DigitDisplay.cpp">
      <Filter>UI</Filter>
    </ClCompile>
    <ClCompile Include="UI\DragUI.cpp">
      <Filter>UI</Filter>
    </ClCompile>
    <ClCompile Include="UI\ExitWindow.cpp">
      <Filter>UI</Filter>
    </ClCompile>
    <ClCompile Include="EndScene.cpp">
      <Filter>Scene</Filter>
    </ClCompile>
    <ClCompile Include="UI\imgui_menuBar.cpp">
      <Filter>UI</Filter>
    </ClCompile>
    <ClCompile Include="UI\HpBar.cpp">
      <Filter>UI</Filter>
    </ClCompile>
    <ClCompile Include="UI\KObject.cpp">
      <Filter>UI</Filter>
    </ClCompile>
    <ClCompile Include="UI\ImGuiManager.cpp">
      <Filter>UI</Filter>
    </ClCompile>
    <ClCompile Include="UI\ImguiDetail.cpp">
      <Filter>UI</Filter>
    </ClCompile>
    <ClCompile Include="UI\Imgui_ObjectDetail.cpp">
      <Filter>UI</Filter>
    </ClCompile>
    <ClCompile Include="LAnimationIO.cpp">
      <Filter>FileIO</Filter>
    </ClCompile>
    <ClCompile Include="LCharacterIO.cpp">
      <Filter>FileIO</Filter>
    </ClCompile>
    <ClCompile Include="LExportIO.cpp">
      <Filter>FileIO</Filter>
    </ClCompile>
    <ClCompile Include="LSelect.cpp">
      <Filter>Collision</Filter>
    </ClCompile>
    <ClCompile Include="LGun.cpp">
      <Filter>Gun</Filter>
    </ClCompile>
    <ClCompile Include="UI\ModalWindow.cpp">
      <Filter>UI</Filter>
    </ClCompile>
    <ClCompile Include="UI\MonoBehaviour.cpp">
      <Filter>UI</Filter>
    </ClCompile>
    <ClCompile Include="UI\NumberObject.cpp">
      <Filter>UI</Filter>
    </ClCompile>
    <ClCompile Include="UI\PickingUI.cpp">
      <Filter>UI</Filter>
    </ClCompile>
    <ClCompile Include="UI\Resize2D.cpp">
      <Filter>UI</Filter>
    </ClCompile>
    <ClCompile Include="UI\ResourceBase.cpp">
      <Filter>UI</Filter>
    </ClCompile>
    <ClCompile Include="UI\SceneChange.cpp">
      <Filter>UI</Filter>
    </ClCompile>
    <ClCompile Include="UI\Text.cpp">
      <Filter>UI</Filter>
    </ClCompile>
    <ClCompile Include="UI\TextureList.cpp">
      <Filter>UI</Filter>
    </ClCompile>
    <ClCompile Include="UIEvent.cpp">
      <Filter>UI</Filter>
    </ClCompile>
    <ClCompile Include="UI\UIManager.cpp">
      <Filter>UI</Filter>
    </ClCompile>
  </ItemGroup>
  <ItemGroup>
    <ClInclude Include="Light.h" />
    <ClInclude Include="Sample.h" />
    <ClInclude Include="PlayerWalk.h">
      <Filter>Player</Filter>
    </ClInclude>
    <ClInclude Include="PlayerTakeDamage.h">
      <Filter>Player</Filter>
    </ClInclude>
    <ClInclude Include="PlayerRun.h">
      <Filter>Player</Filter>
    </ClInclude>
    <ClInclude Include="PlayerReload.h">
      <Filter>Player</Filter>
    </ClInclude>
    <ClInclude Include="PlayerIdle.h">
      <Filter>Player</Filter>
    </ClInclude>
    <ClInclude Include="PlayerDeath.h">
      <Filter>Player</Filter>
    </ClInclude>
    <ClInclude Include="PlayerAttack.h">
      <Filter>Player</Filter>
    </ClInclude>
    <ClInclude Include="EnemyAttack.h">
      <Filter>NPC</Filter>
    </ClInclude>
    <ClInclude Include="EnemyDeath.h">
      <Filter>NPC</Filter>
    </ClInclude>
    <ClInclude Include="EnemyPatrol.h">
      <Filter>NPC</Filter>
    </ClInclude>
    <ClInclude Include="EnemyTakeDamage.h">
      <Filter>NPC</Filter>
    </ClInclude>
    <ClInclude Include="EnemyTrace.h">
      <Filter>NPC</Filter>
    </ClInclude>
    <ClInclude Include="LNPC.h">
      <Filter>NPC</Filter>
    </ClInclude>
    <ClInclude Include="LPlayer.h">
      <Filter>Player</Filter>
    </ClInclude>
    <ClInclude Include="Tank.h">
      <Filter>Tank</Filter>
    </ClInclude>
    <ClInclude Include="TankCombo.h">
      <Filter>Tank</Filter>
    </ClInclude>
    <ClInclude Include="TankDeath.h">
      <Filter>Tank</Filter>
    </ClInclude>
    <ClInclude Include="TankRush.h">
      <Filter>Tank</Filter>
    </ClInclude>
    <ClInclude Include="TankTakeDamage.h">
      <Filter>Tank</Filter>
    </ClInclude>
    <ClInclude Include="TankTrace.h">
      <Filter>Tank</Filter>
    </ClInclude>
    <ClInclude Include="LScene.h">
      <Filter>Scene</Filter>
    </ClInclude>
    <ClInclude Include="LMainScene.h">
      <Filter>Scene</Filter>
    </ClInclude>
    <ClInclude Include="InGameScene.h">
      <Filter>Scene</Filter>
    </ClInclude>
    <ClInclude Include="ZombieWave.h">
      <Filter>Wave</Filter>
    </ClInclude>
    <ClInclude Include="UI\Animation.h">
      <Filter>UI</Filter>
    </ClInclude>
    <ClInclude Include="UI\Animator.h">
      <Filter>UI</Filter>
    </ClInclude>
    <ClInclude Include="UI\BillBoard.h">
      <Filter>UI</Filter>
    </ClInclude>
    <ClInclude Include="UI\ButtonAction.h">
      <Filter>UI</Filter>
    </ClInclude>
    <ClInclude Include="UI\ChangeTexture.h">
      <Filter>UI</Filter>
    </ClInclude>
    <ClInclude Include="UI\DigitDisplay.h">
      <Filter>UI</Filter>
    </ClInclude>
    <ClInclude Include="UI\DragUI.h">
      <Filter>UI</Filter>
    </ClInclude>
    <ClInclude Include="UI\ExitWindow.h">
      <Filter>UI</Filter>
    </ClInclude>
    <ClInclude Include="EndScene.h">
      <Filter>Scene</Filter>
    </ClInclude>
    <ClInclude Include="UI\HpBar.h">
      <Filter>UI</Filter>
    </ClInclude>
    <ClInclude Include="UI\KObject.h">
      <Filter>UI</Filter>
    </ClInclude>
    <ClInclude Include="UI\ImGuiManager.h">
      <Filter>UI</Filter>
    </ClInclude>
    <ClInclude Include="UI\ImguiDetail.h">
      <Filter>UI</Filter>
    </ClInclude>
    <ClInclude Include="UI\Imgui_ObjectDetail.h">
      <Filter>UI</Filter>
    </ClInclude>
    <ClInclude Include="UI\imgui_menuBar.h">
      <Filter>UI</Filter>
    </ClInclude>
    <ClInclude Include="LAnimationIO.h">
      <Filter>FileIO</Filter>
    </ClInclude>
    <ClInclude Include="LCharacterIO.h">
      <Filter>FileIO</Filter>
    </ClInclude>
    <ClInclude Include="LExportIO.h">
      <Filter>FileIO</Filter>
    </ClInclude>
    <ClInclude Include="LSelect.h">
      <Filter>Collision</Filter>
    </ClInclude>
    <ClInclude Include="LGun.h">
      <Filter>Gun</Filter>
    </ClInclude>
    <ClInclude Include="UI\ModalWindow.h">
      <Filter>UI</Filter>
    </ClInclude>
    <ClInclude Include="UI\MonoBehaviour.h">
      <Filter>UI</Filter>
    </ClInclude>
    <ClInclude Include="UI\NumberObject.h">
      <Filter>UI</Filter>
    </ClInclude>
    <ClInclude Include="UI\PickingUI.h">
      <Filter>UI</Filter>
    </ClInclude>
    <ClInclude Include="UI\Resize2D.h">
      <Filter>UI</Filter>
    </ClInclude>
    <ClInclude Include="UI\ResourceBase.h">
      <Filter>UI</Filter>
    </ClInclude>
    <ClInclude Include="UI\SceneChange.h">
      <Filter>UI</Filter>
    </ClInclude>
    <ClInclude Include="UI\Text.h">
      <Filter>UI</Filter>
    </ClInclude>
    <ClInclude Include="UI\TextureList.h">
      <Filter>UI</Filter>
    </ClInclude>
    <ClInclude Include="UIEvent.h">
      <Filter>UI</Filter>
    </ClInclude>
    <ClInclude Include="UI\UIManager.h">
      <Filter>UI</Filter>
    </ClInclude>
  </ItemGroup>
  <ItemGroup>
    <Xml Include="UI\Anim.xml">
      <Filter>UI</Filter>
    </Xml>
    <Xml Include="UI\Anim2.xml">
      <Filter>UI</Filter>
    </Xml>
    <Xml Include="UI\testNum.xml">
      <Filter>UI</Filter>
    </Xml>
    <Xml Include="UI\testScene - 복사본.xml">
      <Filter>UI</Filter>
    </Xml>
    <Xml Include="UI\testScene.xml">
      <Filter>UI</Filter>
    </Xml>
  </ItemGroup>
  <ItemGroup>
    <None Include="UI\imgui.ini">
      <Filter>UI</Filter>
    </None>
    <None Include="UI\UI.vcxproj">
      <Filter>UI</Filter>
    </None>
    <None Include="UI\UI.vcxproj.filters">
      <Filter>UI</Filter>
    </None>
    <None Include="UI\UI.vcxproj.user">
      <Filter>UI</Filter>
    </None>
  </ItemGroup>
  <ItemGroup>
    <Filter Include="Player">
      <UniqueIdentifier>{7414a7ab-f2c2-4c10-a421-46cf6cee4a15}</UniqueIdentifier>
    </Filter>
    <Filter Include="NPC">
      <UniqueIdentifier>{647f2a1c-084e-48c3-8253-038ed15c72f3}</UniqueIdentifier>
    </Filter>
    <Filter Include="Tank">
      <UniqueIdentifier>{e8dac85e-9c85-492e-b029-bbc854d72413}</UniqueIdentifier>
    </Filter>
    <Filter Include="Scene">
      <UniqueIdentifier>{5349bb9f-1a7b-4102-84f6-accc29d17f38}</UniqueIdentifier>
    </Filter>
    <Filter Include="Wave">
      <UniqueIdentifier>{fcc005a0-c7c9-4c9f-bd8b-6024992eab36}</UniqueIdentifier>
    </Filter>
    <Filter Include="UI">
      <UniqueIdentifier>{405aad5b-519c-4b98-9241-8ebacb989b31}</UniqueIdentifier>
    </Filter>
    <Filter Include="FileIO">
      <UniqueIdentifier>{4ffea22c-64dc-4f45-952b-7faddf541291}</UniqueIdentifier>
    </Filter>
    <Filter Include="Collision">
      <UniqueIdentifier>{5279b6cc-94de-4b53-8405-98bdd7f3daf5}</UniqueIdentifier>
    </Filter>
    <Filter Include="Gun">
      <UniqueIdentifier>{2319978f-3288-41a6-99db-653efd6779fd}</UniqueIdentifier>
    </Filter>
  </ItemGroup>
</Project>