<?xml version="1.0" encoding="utf-8"?>
<Project ToolsVersion="4.0" xmlns="http://schemas.microsoft.com/developer/msbuild/2003">
  <ItemGroup>
    <ClCompile Include="Sample.cpp" />
    <ClCompile Include="InGameScene.cpp">
      <Filter>Scene</Filter>
    </ClCompile>
    <ClCompile Include="LMainScene.cpp">
      <Filter>Scene</Filter>
    </ClCompile>
    <ClCompile Include="LScene.cpp">
      <Filter>Scene</Filter>
    </ClCompile>
    <ClCompile Include="EndScene.cpp">
      <Filter>Scene</Filter>
    </ClCompile>
    <ClCompile Include="PlayerAttack.cpp">
      <Filter>Player</Filter>
    </ClCompile>
    <ClCompile Include="PlayerIdle.cpp">
      <Filter>Player</Filter>
    </ClCompile>
    <ClCompile Include="PlayerRun.cpp">
      <Filter>Player</Filter>
    </ClCompile>
    <ClCompile Include="PlayerWalk.cpp">
      <Filter>Player</Filter>
    </ClCompile>
    <ClCompile Include="LPlayer.cpp">
      <Filter>Player</Filter>
    </ClCompile>
    <ClCompile Include="EnemyDeath.cpp">
      <Filter>NPC</Filter>
    </ClCompile>
    <ClCompile Include="EnemyPatrol.cpp">
      <Filter>NPC</Filter>
    </ClCompile>
    <ClCompile Include="EnemyTrace.cpp">
      <Filter>NPC</Filter>
    </ClCompile>
    <ClCompile Include="LNPC.cpp">
      <Filter>NPC</Filter>
    </ClCompile>
    <ClCompile Include="UI\Animator.cpp">
      <Filter>UI\Scripts</Filter>
    </ClCompile>
    <ClCompile Include="UI\BillBoard.cpp">
      <Filter>UI\Scripts</Filter>
    </ClCompile>
    <ClCompile Include="UI\ChangeTexture.cpp">
      <Filter>UI\Scripts</Filter>
    </ClCompile>
    <ClCompile Include="UI\DigitDisplay.cpp">
      <Filter>UI\Scripts</Filter>
    </ClCompile>
    <ClCompile Include="UI\DragUI.cpp">
      <Filter>UI\Scripts</Filter>
    </ClCompile>
    <ClCompile Include="UI\ExitWindow.cpp">
      <Filter>UI\Scripts</Filter>
    </ClCompile>
    <ClCompile Include="UI\imgui_menuBar.cpp">
      <Filter>UI\imgui</Filter>
    </ClCompile>
    <ClCompile Include="UI\Imgui_ObjectDetail.cpp">
      <Filter>UI\imgui</Filter>
    </ClCompile>
    <ClCompile Include="UI\ImguiDetail.cpp">
      <Filter>UI\imgui</Filter>
    </ClCompile>
    <ClCompile Include="UI\ImGuiManager.cpp">
      <Filter>UI\imgui</Filter>
    </ClCompile>
    <ClCompile Include="UI\KObject.cpp">
      <Filter>UI\Object</Filter>
    </ClCompile>
    <ClCompile Include="UI\MonoBehaviour.cpp">
      <Filter>UI\Scripts</Filter>
    </ClCompile>
    <ClCompile Include="UI\NumberObject.cpp">
      <Filter>UI\Scripts</Filter>
    </ClCompile>
    <ClCompile Include="UI\PickingUI.cpp">
      <Filter>UI\Scripts</Filter>
    </ClCompile>
    <ClCompile Include="UI\Resize2D.cpp">
      <Filter>UI\Scripts</Filter>
    </ClCompile>
    <ClCompile Include="UI\ModalWindow.cpp">
      <Filter>UI\Scripts</Filter>
    </ClCompile>
    <ClCompile Include="UI\ResourceBase.cpp">
      <Filter>UI\Resource</Filter>
    </ClCompile>
    <ClCompile Include="UI\Animation.cpp">
      <Filter>UI\Resource</Filter>
    </ClCompile>
    <ClCompile Include="UI\TextureList.cpp">
      <Filter>UI\Resource</Filter>
    </ClCompile>
    <ClCompile Include="UI\UIManager.cpp">
      <Filter>UI</Filter>
    </ClCompile>
    <ClCompile Include="UI\ButtonAction.cpp">
      <Filter>UI\Scripts</Filter>
    </ClCompile>
    <ClCompile Include="UI\Text.cpp">
      <Filter>UI\Scripts</Filter>
    </ClCompile>
    <ClCompile Include="UI\SceneChange.cpp">
      <Filter>UI\Scripts</Filter>
    </ClCompile>
    <ClCompile Include="LBox.cpp">
      <Filter>Collision</Filter>
    </ClCompile>
    <ClCompile Include="LSelect.cpp">
      <Filter>Collision</Filter>
    </ClCompile>
    <ClCompile Include="EnemyTakeDamage.cpp">
      <Filter>NPC</Filter>
    </ClCompile>
    <ClCompile Include="LAnimationIO.cpp">
      <Filter>FileIO</Filter>
    </ClCompile>
    <ClCompile Include="LCharacterIO.cpp">
      <Filter>FileIO</Filter>
    </ClCompile>
    <ClCompile Include="LExportIO.cpp">
      <Filter>FileIO</Filter>
    </ClCompile>
    <ClCompile Include="EnemyAttack.cpp">
      <Filter>NPC</Filter>
    </ClCompile>
    <ClCompile Include="HpBar.cpp">
      <Filter>UI\Scripts</Filter>
    </ClCompile>
  </ItemGroup>
  <ItemGroup>
    <ClInclude Include="Sample.h" />
    <ClInclude Include="InGameScene.h">
      <Filter>Scene</Filter>
    </ClInclude>
    <ClInclude Include="LMainScene.h">
      <Filter>Scene</Filter>
    </ClInclude>
    <ClInclude Include="LScene.h">
      <Filter>Scene</Filter>
    </ClInclude>
    <ClInclude Include="EndScene.h">
      <Filter>Scene</Filter>
    </ClInclude>
    <ClInclude Include="PlayerAttack.h">
      <Filter>Player</Filter>
    </ClInclude>
    <ClInclude Include="PlayerIdle.h">
      <Filter>Player</Filter>
    </ClInclude>
    <ClInclude Include="PlayerRun.h">
      <Filter>Player</Filter>
    </ClInclude>
    <ClInclude Include="PlayerWalk.h">
      <Filter>Player</Filter>
    </ClInclude>
    <ClInclude Include="LPlayer.h">
      <Filter>Player</Filter>
    </ClInclude>
    <ClInclude Include="EnemyDeath.h">
      <Filter>NPC</Filter>
    </ClInclude>
    <ClInclude Include="EnemyPatrol.h">
      <Filter>NPC</Filter>
    </ClInclude>
    <ClInclude Include="EnemyTrace.h">
      <Filter>NPC</Filter>
    </ClInclude>
    <ClInclude Include="LNPC.h">
      <Filter>NPC</Filter>
    </ClInclude>
    <ClInclude Include="UI\Animator.h">
      <Filter>UI\Scripts</Filter>
    </ClInclude>
    <ClInclude Include="UI\BillBoard.h">
      <Filter>UI\Scripts</Filter>
    </ClInclude>
    <ClInclude Include="UI\ChangeTexture.h">
      <Filter>UI\Scripts</Filter>
    </ClInclude>
    <ClInclude Include="UI\DigitDisplay.h">
      <Filter>UI\Scripts</Filter>
    </ClInclude>
    <ClInclude Include="UI\DragUI.h">
      <Filter>UI\Scripts</Filter>
    </ClInclude>
    <ClInclude Include="UI\ExitWindow.h">
      <Filter>UI\Scripts</Filter>
    </ClInclude>
    <ClInclude Include="UI\imgui_menuBar.h">
      <Filter>UI\imgui</Filter>
    </ClInclude>
    <ClInclude Include="UI\Imgui_ObjectDetail.h">
      <Filter>UI\imgui</Filter>
    </ClInclude>
    <ClInclude Include="UI\ImguiDetail.h">
      <Filter>UI\imgui</Filter>
    </ClInclude>
    <ClInclude Include="UI\ImGuiManager.h">
      <Filter>UI\imgui</Filter>
    </ClInclude>
    <ClInclude Include="UI\KObject.h">
      <Filter>UI\Object</Filter>
    </ClInclude>
    <ClInclude Include="UI\MonoBehaviour.h">
      <Filter>UI\Scripts</Filter>
    </ClInclude>
    <ClInclude Include="UI\Resize2D.h">
      <Filter>UI\Scripts</Filter>
    </ClInclude>
    <ClInclude Include="UI\NumberObject.h">
      <Filter>UI\Scripts</Filter>
    </ClInclude>
    <ClInclude Include="UI\PickingUI.h">
      <Filter>UI\Scripts</Filter>
    </ClInclude>
    <ClInclude Include="UI\ModalWindow.h">
      <Filter>UI\Scripts</Filter>
    </ClInclude>
    <ClInclude Include="UI\ResourceBase.h">
      <Filter>UI\Resource</Filter>
    </ClInclude>
    <ClInclude Include="UI\Animation.h">
      <Filter>UI\Resource</Filter>
    </ClInclude>
    <ClInclude Include="UI\TextureList.h">
      <Filter>UI\Resource</Filter>
    </ClInclude>
    <ClInclude Include="UI\UIManager.h">
      <Filter>UI</Filter>
    </ClInclude>
    <ClInclude Include="UI\ButtonAction.h">
      <Filter>UI\Scripts</Filter>
    </ClInclude>
    <ClInclude Include="UI\Text.h">
      <Filter>UI\Scripts</Filter>
    </ClInclude>
    <ClInclude Include="UI\SceneChange.h">
      <Filter>UI\Scripts</Filter>
    </ClInclude>
    <ClInclude Include="LBox.h">
      <Filter>Collision</Filter>
    </ClInclude>
    <ClInclude Include="LSelect.h">
      <Filter>Collision</Filter>
    </ClInclude>
    <ClInclude Include="EnemyTakeDamage.h">
      <Filter>NPC</Filter>
    </ClInclude>
    <ClInclude Include="LAnimationIO.h">
      <Filter>FileIO</Filter>
    </ClInclude>
    <ClInclude Include="LCharacterIO.h">
      <Filter>FileIO</Filter>
    </ClInclude>
    <ClInclude Include="LExportIO.h">
      <Filter>FileIO</Filter>
    </ClInclude>
    <ClInclude Include="EnemyAttack.h">
      <Filter>NPC</Filter>
    </ClInclude>
    <ClInclude Include="HpBar.h">
      <Filter>UI\Scripts</Filter>
    </ClInclude>
  </ItemGroup>
  <ItemGroup>
    <Filter Include="Scene">
      <UniqueIdentifier>{62daf57c-02ea-4816-88f3-2fa9894b833a}</UniqueIdentifier>
    </Filter>
    <Filter Include="Player">
      <UniqueIdentifier>{69a8d44f-2848-4e81-a305-314dc643ba55}</UniqueIdentifier>
    </Filter>
    <Filter Include="NPC">
      <UniqueIdentifier>{9b9b5118-d679-47a6-9a3e-3f0e144d3dd6}</UniqueIdentifier>
    </Filter>
    <Filter Include="UI">
      <UniqueIdentifier>{aa73e799-9b45-4a04-982a-114911fffbf5}</UniqueIdentifier>
    </Filter>
    <Filter Include="UI\Scripts">
      <UniqueIdentifier>{bc492fb2-3f74-4e28-97ab-06d4009a9a22}</UniqueIdentifier>
    </Filter>
    <Filter Include="UI\imgui">
      <UniqueIdentifier>{07cc09bb-2804-43e2-9b45-9314eaa17d9b}</UniqueIdentifier>
    </Filter>
    <Filter Include="UI\Object">
      <UniqueIdentifier>{a61f945e-02ea-437b-ab20-fb4c5cc5b748}</UniqueIdentifier>
    </Filter>
    <Filter Include="UI\Resource">
      <UniqueIdentifier>{9d8efd35-8152-422a-a9dc-8acec933020d}</UniqueIdentifier>
    </Filter>
    <Filter Include="Collision">
      <UniqueIdentifier>{0bd76290-7836-4190-9ef7-8feb768a4b55}</UniqueIdentifier>
    </Filter>
    <Filter Include="FileIO">
      <UniqueIdentifier>{04549de2-0d5c-4617-8e41-31d8a82e1926}</UniqueIdentifier>
    </Filter>
  </ItemGroup>
  <ItemGroup>
    <None Include="UI\imgui.ini">
      <Filter>UI</Filter>
    </None>
    <None Include="UI\UI.vcxproj">
      <Filter>UI</Filter>
    </None>
    <None Include="UI\UI.vcxproj.filters">
      <Filter>UI</Filter>
    </None>
    <None Include="UI\UI.vcxproj.user">
      <Filter>UI</Filter>
    </None>
  </ItemGroup>
  <ItemGroup>
    <Xml Include="UI\testNum.xml">
      <Filter>UI</Filter>
    </Xml>
    <Xml Include="UI\testScene - 복사본.xml">
      <Filter>UI</Filter>
    </Xml>
    <Xml Include="UI\testScene.xml">
      <Filter>UI</Filter>
    </Xml>
    <Xml Include="UI\Anim.xml">
      <Filter>UI</Filter>
    </Xml>
    <Xml Include="UI\Anim2.xml">
      <Filter>UI</Filter>
    </Xml>
  </ItemGroup>
</Project>